# This file is automatically @generated by Cargo.
# It is not intended for manual editing.
version = 4

[[package]]
name = "forge-app"
version = "0.1.0"
dependencies = [
 "forge-bridge",
 "forge-core",
 "forge-editor",
 "forge-git",
 "forge-nyx-client",
 "forge-project",
 "forge-protocol",
 "forge-session",
 "forge-terminal",
 "forge-world",
]

[[package]]
name = "forge-bridge"
version = "0.1.0"
dependencies = [
 "forge-core",
 "forge-protocol",
]

[[package]]
name = "forge-core"
version = "0.1.0"
dependencies = [
 "forge-protocol",
]

[[package]]
name = "forge-editor"
version = "0.1.0"
dependencies = [
 "forge-bridge",
 "forge-core",
 "forge-protocol",
]

[[package]]
name = "forge-git"
version = "0.1.0"
dependencies = [
 "forge-bridge",
 "forge-core",
 "forge-protocol",
]

[[package]]
name = "forge-guards"
version = "0.1.0"

[[package]]
name = "forge-nyx-client"
version = "0.1.0"
dependencies = [
 "forge-core",
 "forge-protocol",
]

[[package]]
name = "forge-project"
version = "0.1.0"
dependencies = [
 "forge-core",
 "forge-protocol",
]

[[package]]
name = "forge-protocol"
version = "0.1.0"

[[package]]
name = "forge-session"
version = "0.1.0"
dependencies = [
 "forge-core",
 "forge-protocol",
]

[[package]]
name = "forge-terminal"
version = "0.1.0"
dependencies = [
 "forge-bridge",
 "forge-core",
 "forge-protocol",
]

[[package]]
name = "forge-world"
version = "0.1.0"
dependencies = [
 "forge-core",
 "forge-protocol",
]
